
Microsoft Visual Studio Solution File, Format Version 12.00
# Visual Studio Version 16
VisualStudioVersion = 16.0.29020.237
MinimumVisualStudioVersion = 10.0.40219.1
Project("{2150E333-8FDC-42A3-9474-1A3956D46DE8}") = "Domain", "Domain", "{49683ADA-2A3F-4FA4-8202-BA34FF00E6E8}"
EndProject
Project("{9A19103F-16F7-4668-BE54-9A1E7A4F7556}") = "GymProject.Domain", "GymProject.Domain\GymProject.Domain.csproj", "{52E764FC-09CF-43D7-AA70-77984D1C5398}"
EndProject
Project("{9A19103F-16F7-4668-BE54-9A1E7A4F7556}") = "GymProject.Infrastructure.EntityFramework", "GymProject.Domain.EntityFramework\GymProject.Infrastructure.EntityFramework.csproj", "{E0479202-A311-4678-9E30-DA1789D4A0A3}"
EndProject
Project("{2150E333-8FDC-42A3-9474-1A3956D46DE8}") = "Infrastructure", "Infrastructure", "{B32A1513-5002-4686-B754-31428CF22F93}"
EndProject
Project("{2150E333-8FDC-42A3-9474-1A3956D46DE8}") = "Presentation", "Presentation", "{E15762F0-9678-4B7A-B171-99FF2CA79C76}"
EndProject
Project("{2150E333-8FDC-42A3-9474-1A3956D46DE8}") = "Mobile", "Mobile", "{C7E18B52-AC75-4CF1-8609-60CA9D9AC783}"
EndProject
Project("{2150E333-8FDC-42A3-9474-1A3956D46DE8}") = "Website", "Website", "{C6713D8D-C8E6-4D09-A1AD-10D4D10775CE}"
EndProject
Project("{9A19103F-16F7-4668-BE54-9A1E7A4F7556}") = "GymProject.Infrastructure", "GymProject.Infrastructure\GymProject.Infrastructure.csproj", "{F41F2134-8B48-4108-82A1-5EF435AF4986}"
	ProjectSection(ProjectDependencies) = postProject
		{E0479202-A311-4678-9E30-DA1789D4A0A3} = {E0479202-A311-4678-9E30-DA1789D4A0A3}
	EndProjectSection
EndProject
Project("{2150E333-8FDC-42A3-9474-1A3956D46DE8}") = "Common", "Common", "{C0F64875-D4CD-41EC-A2CA-928D34C2AEEC}"
EndProject
Project("{9A19103F-16F7-4668-BE54-9A1E7A4F7556}") = "GymProject.Common", "GymProject.Common\GymProject.Common.csproj", "{66864FA8-A826-4DD7-82EB-F383A0A803EF}"
EndProject
Project("{2150E333-8FDC-42A3-9474-1A3956D46DE8}") = "Application", "Application", "{9EE7A397-E4DC-4E16-B222-75606E1BDF75}"
EndProject
Project("{9A19103F-16F7-4668-BE54-9A1E7A4F7556}") = "GymProject.Application", "GymProject.Application\GymProject.Application.csproj", "{93ED3E61-7FF2-4028-A002-AAF875DEE282}"
EndProject
Project("{9A19103F-16F7-4668-BE54-9A1E7A4F7556}") = "GymProject.Domain.Test", "GymProject.Domain.Test\GymProject.Domain.Test.csproj", "{CD566BFB-E657-48D3-AFDF-16ECDC359359}"
EndProject
Project("{2150E333-8FDC-42A3-9474-1A3956D46DE8}") = "Test", "Test", "{BC0A076C-C8CA-444E-9AD7-FC749FA846B0}"
EndProject
Global
	GlobalSection(SolutionConfigurationPlatforms) = preSolution
		Debug|Any CPU = Debug|Any CPU
		Debug|iPhone = Debug|iPhone
		Debug|iPhoneSimulator = Debug|iPhoneSimulator
		Release|Any CPU = Release|Any CPU
		Release|iPhone = Release|iPhone
		Release|iPhoneSimulator = Release|iPhoneSimulator
	EndGlobalSection
	GlobalSection(ProjectConfigurationPlatforms) = postSolution
		{52E764FC-09CF-43D7-AA70-77984D1C5398}.Debug|Any CPU.ActiveCfg = Debug|Any CPU
		{52E764FC-09CF-43D7-AA70-77984D1C5398}.Debug|Any CPU.Build.0 = Debug|Any CPU
		{52E764FC-09CF-43D7-AA70-77984D1C5398}.Debug|iPhone.ActiveCfg = Debug|Any CPU
		{52E764FC-09CF-43D7-AA70-77984D1C5398}.Debug|iPhone.Build.0 = Debug|Any CPU
		{52E764FC-09CF-43D7-AA70-77984D1C5398}.Debug|iPhoneSimulator.ActiveCfg = Debug|Any CPU
		{52E764FC-09CF-43D7-AA70-77984D1C5398}.Debug|iPhoneSimulator.Build.0 = Debug|Any CPU
		{52E764FC-09CF-43D7-AA70-77984D1C5398}.Release|Any CPU.ActiveCfg = Release|Any CPU
		{52E764FC-09CF-43D7-AA70-77984D1C5398}.Release|Any CPU.Build.0 = Release|Any CPU
		{52E764FC-09CF-43D7-AA70-77984D1C5398}.Release|iPhone.ActiveCfg = Release|Any CPU
		{52E764FC-09CF-43D7-AA70-77984D1C5398}.Release|iPhone.Build.0 = Release|Any CPU
		{52E764FC-09CF-43D7-AA70-77984D1C5398}.Release|iPhoneSimulator.ActiveCfg = Release|Any CPU
		{52E764FC-09CF-43D7-AA70-77984D1C5398}.Release|iPhoneSimulator.Build.0 = Release|Any CPU
		{E0479202-A311-4678-9E30-DA1789D4A0A3}.Debug|Any CPU.ActiveCfg = Debug|Any CPU
		{E0479202-A311-4678-9E30-DA1789D4A0A3}.Debug|Any CPU.Build.0 = Debug|Any CPU
		{E0479202-A311-4678-9E30-DA1789D4A0A3}.Debug|iPhone.ActiveCfg = Debug|Any CPU
		{E0479202-A311-4678-9E30-DA1789D4A0A3}.Debug|iPhone.Build.0 = Debug|Any CPU
		{E0479202-A311-4678-9E30-DA1789D4A0A3}.Debug|iPhoneSimulator.ActiveCfg = Debug|Any CPU
		{E0479202-A311-4678-9E30-DA1789D4A0A3}.Debug|iPhoneSimulator.Build.0 = Debug|Any CPU
		{E0479202-A311-4678-9E30-DA1789D4A0A3}.Release|Any CPU.ActiveCfg = Release|Any CPU
		{E0479202-A311-4678-9E30-DA1789D4A0A3}.Release|Any CPU.Build.0 = Release|Any CPU
		{E0479202-A311-4678-9E30-DA1789D4A0A3}.Release|iPhone.ActiveCfg = Release|Any CPU
		{E0479202-A311-4678-9E30-DA1789D4A0A3}.Release|iPhone.Build.0 = Release|Any CPU
		{E0479202-A311-4678-9E30-DA1789D4A0A3}.Release|iPhoneSimulator.ActiveCfg = Release|Any CPU
		{E0479202-A311-4678-9E30-DA1789D4A0A3}.Release|iPhoneSimulator.Build.0 = Release|Any CPU
		{F41F2134-8B48-4108-82A1-5EF435AF4986}.Debug|Any CPU.ActiveCfg = Debug|Any CPU
		{F41F2134-8B48-4108-82A1-5EF435AF4986}.Debug|Any CPU.Build.0 = Debug|Any CPU
		{F41F2134-8B48-4108-82A1-5EF435AF4986}.Debug|iPhone.ActiveCfg = Debug|Any CPU
		{F41F2134-8B48-4108-82A1-5EF435AF4986}.Debug|iPhone.Build.0 = Debug|Any CPU
		{F41F2134-8B48-4108-82A1-5EF435AF4986}.Debug|iPhoneSimulator.ActiveCfg = Debug|Any CPU
		{F41F2134-8B48-4108-82A1-5EF435AF4986}.Debug|iPhoneSimulator.Build.0 = Debug|Any CPU
		{F41F2134-8B48-4108-82A1-5EF435AF4986}.Release|Any CPU.ActiveCfg = Release|Any CPU
		{F41F2134-8B48-4108-82A1-5EF435AF4986}.Release|Any CPU.Build.0 = Release|Any CPU
		{F41F2134-8B48-4108-82A1-5EF435AF4986}.Release|iPhone.ActiveCfg = Release|Any CPU
		{F41F2134-8B48-4108-82A1-5EF435AF4986}.Release|iPhone.Build.0 = Release|Any CPU
		{F41F2134-8B48-4108-82A1-5EF435AF4986}.Release|iPhoneSimulator.ActiveCfg = Release|Any CPU
		{F41F2134-8B48-4108-82A1-5EF435AF4986}.Release|iPhoneSimulator.Build.0 = Release|Any CPU
		{66864FA8-A826-4DD7-82EB-F383A0A803EF}.Debug|Any CPU.ActiveCfg = Debug|Any CPU
		{66864FA8-A826-4DD7-82EB-F383A0A803EF}.Debug|Any CPU.Build.0 = Debug|Any CPU
		{66864FA8-A826-4DD7-82EB-F383A0A803EF}.Debug|iPhone.ActiveCfg = Debug|Any CPU
		{66864FA8-A826-4DD7-82EB-F383A0A803EF}.Debug|iPhone.Build.0 = Debug|Any CPU
		{66864FA8-A826-4DD7-82EB-F383A0A803EF}.Debug|iPhoneSimulator.ActiveCfg = Debug|Any CPU
		{66864FA8-A826-4DD7-82EB-F383A0A803EF}.Debug|iPhoneSimulator.Build.0 = Debug|Any CPU
		{66864FA8-A826-4DD7-82EB-F383A0A803EF}.Release|Any CPU.ActiveCfg = Release|Any CPU
		{66864FA8-A826-4DD7-82EB-F383A0A803EF}.Release|Any CPU.Build.0 = Release|Any CPU
		{66864FA8-A826-4DD7-82EB-F383A0A803EF}.Release|iPhone.ActiveCfg = Release|Any CPU
		{66864FA8-A826-4DD7-82EB-F383A0A803EF}.Release|iPhone.Build.0 = Release|Any CPU
		{66864FA8-A826-4DD7-82EB-F383A0A803EF}.Release|iPhoneSimulator.ActiveCfg = Release|Any CPU
		{66864FA8-A826-4DD7-82EB-F383A0A803EF}.Release|iPhoneSimulator.Build.0 = Release|Any CPU
		{93ED3E61-7FF2-4028-A002-AAF875DEE282}.Debug|Any CPU.ActiveCfg = Debug|Any CPU
		{93ED3E61-7FF2-4028-A002-AAF875DEE282}.Debug|Any CPU.Build.0 = Debug|Any CPU
		{93ED3E61-7FF2-4028-A002-AAF875DEE282}.Debug|iPhone.ActiveCfg = Debug|Any CPU
		{93ED3E61-7FF2-4028-A002-AAF875DEE282}.Debug|iPhone.Build.0 = Debug|Any CPU
		{93ED3E61-7FF2-4028-A002-AAF875DEE282}.Debug|iPhoneSimulator.ActiveCfg = Debug|Any CPU
		{93ED3E61-7FF2-4028-A002-AAF875DEE282}.Debug|iPhoneSimulator.Build.0 = Debug|Any CPU
		{93ED3E61-7FF2-4028-A002-AAF875DEE282}.Release|Any CPU.ActiveCfg = Release|Any CPU
		{93ED3E61-7FF2-4028-A002-AAF875DEE282}.Release|Any CPU.Build.0 = Release|Any CPU
		{93ED3E61-7FF2-4028-A002-AAF875DEE282}.Release|iPhone.ActiveCfg = Release|Any CPU
		{93ED3E61-7FF2-4028-A002-AAF875DEE282}.Release|iPhone.Build.0 = Release|Any CPU
		{93ED3E61-7FF2-4028-A002-AAF875DEE282}.Release|iPhoneSimulator.ActiveCfg = Release|Any CPU
		{93ED3E61-7FF2-4028-A002-AAF875DEE282}.Release|iPhoneSimulator.Build.0 = Release|Any CPU
		{CD566BFB-E657-48D3-AFDF-16ECDC359359}.Debug|Any CPU.ActiveCfg = Debug|Any CPU
		{CD566BFB-E657-48D3-AFDF-16ECDC359359}.Debug|Any CPU.Build.0 = Debug|Any CPU
		{CD566BFB-E657-48D3-AFDF-16ECDC359359}.Debug|iPhone.ActiveCfg = Debug|Any CPU
		{CD566BFB-E657-48D3-AFDF-16ECDC359359}.Debug|iPhone.Build.0 = Debug|Any CPU
		{CD566BFB-E657-48D3-AFDF-16ECDC359359}.Debug|iPhoneSimulator.ActiveCfg = Debug|Any CPU
		{CD566BFB-E657-48D3-AFDF-16ECDC359359}.Debug|iPhoneSimulator.Build.0 = Debug|Any CPU
		{CD566BFB-E657-48D3-AFDF-16ECDC359359}.Release|Any CPU.ActiveCfg = Release|Any CPU
		{CD566BFB-E657-48D3-AFDF-16ECDC359359}.Release|Any CPU.Build.0 = Release|Any CPU
		{CD566BFB-E657-48D3-AFDF-16ECDC359359}.Release|iPhone.ActiveCfg = Release|Any CPU
		{CD566BFB-E657-48D3-AFDF-16ECDC359359}.Release|iPhone.Build.0 = Release|Any CPU
		{CD566BFB-E657-48D3-AFDF-16ECDC359359}.Release|iPhoneSimulator.ActiveCfg = Release|Any CPU
		{CD566BFB-E657-48D3-AFDF-16ECDC359359}.Release|iPhoneSimulator.Build.0 = Release|Any CPU
	EndGlobalSection
	GlobalSection(SolutionProperties) = preSolution
		HideSolutionNode = FALSE
	EndGlobalSection
	GlobalSection(NestedProjects) = preSolution
		{52E764FC-09CF-43D7-AA70-77984D1C5398} = {49683ADA-2A3F-4FA4-8202-BA34FF00E6E8}
		{E0479202-A311-4678-9E30-DA1789D4A0A3} = {B32A1513-5002-4686-B754-31428CF22F93}
		{C7E18B52-AC75-4CF1-8609-60CA9D9AC783} = {E15762F0-9678-4B7A-B171-99FF2CA79C76}
		{C6713D8D-C8E6-4D09-A1AD-10D4D10775CE} = {E15762F0-9678-4B7A-B171-99FF2CA79C76}
		{F41F2134-8B48-4108-82A1-5EF435AF4986} = {B32A1513-5002-4686-B754-31428CF22F93}
		{66864FA8-A826-4DD7-82EB-F383A0A803EF} = {C0F64875-D4CD-41EC-A2CA-928D34C2AEEC}
		{93ED3E61-7FF2-4028-A002-AAF875DEE282} = {9EE7A397-E4DC-4E16-B222-75606E1BDF75}
		{CD566BFB-E657-48D3-AFDF-16ECDC359359} = {49683ADA-2A3F-4FA4-8202-BA34FF00E6E8}
	EndGlobalSection
	GlobalSection(ExtensibilityGlobals) = postSolution
		SolutionGuid = {64ECCE31-4882-4CAC-8515-E7429CACED62}
	EndGlobalSection
EndGlobal
